
Microsoft Visual Studio Solution File, Format Version 12.00
# Visual Studio 14
VisualStudioVersion = 14.0.25123.0
MinimumVisualStudioVersion = 10.0.40219.1
Project("{8BC9CEB8-8B4A-11D0-8D11-00A0C91BC942}") = "Exemplo1", "Exemplo1\Exemplo1.vcxproj", "{820954A8-D993-423D-99E2-67BC186CC45A}"
EndProject
Project("{8BC9CEB8-8B4A-11D0-8D11-00A0C91BC942}") = "Exemplo2", "Exemplo2\Exemplo2.vcxproj", "{5F9F3AA5-932A-4A58-99EB-D2879C0FDFD4}"
EndProject
Project("{8BC9CEB8-8B4A-11D0-8D11-00A0C91BC942}") = "Exemplo3", "Exemplo3\Exemplo3.vcxproj", "{0B4EE5ED-C027-4B24-A479-578799BDCD43}"
EndProject
Project("{8BC9CEB8-8B4A-11D0-8D11-00A0C91BC942}") = "Exercicio1", "Exercicio1\Exercicio1.vcxproj", "{32FF1472-C4C0-449E-B90C-CE135A283497}"
EndProject
Project("{8BC9CEB8-8B4A-11D0-8D11-00A0C91BC942}") = "Exercicio2", "Exercicio2\Exercicio2.vcxproj", "{D1784BC9-87EA-4B6F-A666-1D06DFCEF5AB}"
EndProject
Project("{8BC9CEB8-8B4A-11D0-8D11-00A0C91BC942}") = "Exercicio3", "ConsoleApplication1\ConsoleApplication1.vcxproj", "{524D66FC-2C0A-4D91-B826-5B02216CEB75}"
EndProject
Project("{8BC9CEB8-8B4A-11D0-8D11-00A0C91BC942}") = "Exercicio4", "Exercicio4\Exercicio4.vcxproj", "{6C570DB0-15F7-4D6D-84C5-B5F32B67B859}"
EndProject
Project("{8BC9CEB8-8B4A-11D0-8D11-00A0C91BC942}") = "Exercicio5", "Exercicio5\Exercicio5.vcxproj", "{4378D839-E0EC-4592-A8F3-E98D8AA8D304}"
EndProject
Project("{8BC9CEB8-8B4A-11D0-8D11-00A0C91BC942}") = "Exercicio6", "Exercicio6\Exercicio6.vcxproj", "{2E20C082-3071-42EA-B461-D81FB6CC9542}"
EndProject
Project("{8BC9CEB8-8B4A-11D0-8D11-00A0C91BC942}") = "Exercicio7", "Exercicio7\Exercicio7.vcxproj", "{812A273B-A9EC-4783-B57F-A1EBF46E80BA}"
EndProject
Project("{8BC9CEB8-8B4A-11D0-8D11-00A0C91BC942}") = "Exercicio8", "Exercicio8\Exercicio8.vcxproj", "{F7EBC129-A596-48F4-A1BD-EBCEC6AB5EF0}"
EndProject
Project("{8BC9CEB8-8B4A-11D0-8D11-00A0C91BC942}") = "Exercicio9", "Exercicio9\Exercicio9.vcxproj", "{E9FC2087-CA46-48BF-B2E4-68EDEE9EBC9D}"
EndProject
Project("{8BC9CEB8-8B4A-11D0-8D11-00A0C91BC942}") = "Exercicio10", "Exercicio10\Exercicio10.vcxproj", "{C0C29F5C-BB9C-476C-8A28-B554F50645F0}"
EndProject
Project("{8BC9CEB8-8B4A-11D0-8D11-00A0C91BC942}") = "Exercicio11", "Exercicio11\Exercicio11.vcxproj", "{111B1D46-63E2-4001-A607-D18E72283B0D}"
EndProject
Global
	GlobalSection(SolutionConfigurationPlatforms) = preSolution
		Debug|x64 = Debug|x64
		Debug|x86 = Debug|x86
		Release|x64 = Release|x64
		Release|x86 = Release|x86
	EndGlobalSection
	GlobalSection(ProjectConfigurationPlatforms) = postSolution
		{820954A8-D993-423D-99E2-67BC186CC45A}.Debug|x64.ActiveCfg = Debug|x64
		{820954A8-D993-423D-99E2-67BC186CC45A}.Debug|x64.Build.0 = Debug|x64
		{820954A8-D993-423D-99E2-67BC186CC45A}.Debug|x86.ActiveCfg = Debug|Win32
		{820954A8-D993-423D-99E2-67BC186CC45A}.Debug|x86.Build.0 = Debug|Win32
		{820954A8-D993-423D-99E2-67BC186CC45A}.Release|x64.ActiveCfg = Release|x64
		{820954A8-D993-423D-99E2-67BC186CC45A}.Release|x64.Build.0 = Release|x64
		{820954A8-D993-423D-99E2-67BC186CC45A}.Release|x86.ActiveCfg = Release|Win32
		{820954A8-D993-423D-99E2-67BC186CC45A}.Release|x86.Build.0 = Release|Win32
		{5F9F3AA5-932A-4A58-99EB-D2879C0FDFD4}.Debug|x64.ActiveCfg = Debug|x64
		{5F9F3AA5-932A-4A58-99EB-D2879C0FDFD4}.Debug|x64.Build.0 = Debug|x64
		{5F9F3AA5-932A-4A58-99EB-D2879C0FDFD4}.Debug|x86.ActiveCfg = Debug|Win32
		{5F9F3AA5-932A-4A58-99EB-D2879C0FDFD4}.Debug|x86.Build.0 = Debug|Win32
		{5F9F3AA5-932A-4A58-99EB-D2879C0FDFD4}.Release|x64.ActiveCfg = Release|x64
		{5F9F3AA5-932A-4A58-99EB-D2879C0FDFD4}.Release|x64.Build.0 = Release|x64
		{5F9F3AA5-932A-4A58-99EB-D2879C0FDFD4}.Release|x86.ActiveCfg = Release|Win32
		{5F9F3AA5-932A-4A58-99EB-D2879C0FDFD4}.Release|x86.Build.0 = Release|Win32
		{0B4EE5ED-C027-4B24-A479-578799BDCD43}.Debug|x64.ActiveCfg = Debug|x64
		{0B4EE5ED-C027-4B24-A479-578799BDCD43}.Debug|x64.Build.0 = Debug|x64
		{0B4EE5ED-C027-4B24-A479-578799BDCD43}.Debug|x86.ActiveCfg = Debug|Win32
		{0B4EE5ED-C027-4B24-A479-578799BDCD43}.Debug|x86.Build.0 = Debug|Win32
		{0B4EE5ED-C027-4B24-A479-578799BDCD43}.Release|x64.ActiveCfg = Release|x64
		{0B4EE5ED-C027-4B24-A479-578799BDCD43}.Release|x64.Build.0 = Release|x64
		{0B4EE5ED-C027-4B24-A479-578799BDCD43}.Release|x86.ActiveCfg = Release|Win32
		{0B4EE5ED-C027-4B24-A479-578799BDCD43}.Release|x86.Build.0 = Release|Win32
		{32FF1472-C4C0-449E-B90C-CE135A283497}.Debug|x64.ActiveCfg = Debug|x64
		{32FF1472-C4C0-449E-B90C-CE135A283497}.Debug|x64.Build.0 = Debug|x64
		{32FF1472-C4C0-449E-B90C-CE135A283497}.Debug|x86.ActiveCfg = Debug|Win32
		{32FF1472-C4C0-449E-B90C-CE135A283497}.Debug|x86.Build.0 = Debug|Win32
		{32FF1472-C4C0-449E-B90C-CE135A283497}.Release|x64.ActiveCfg = Release|x64
		{32FF1472-C4C0-449E-B90C-CE135A283497}.Release|x64.Build.0 = Release|x64
		{32FF1472-C4C0-449E-B90C-CE135A283497}.Release|x86.ActiveCfg = Release|Win32
		{32FF1472-C4C0-449E-B90C-CE135A283497}.Release|x86.Build.0 = Release|Win32
		{D1784BC9-87EA-4B6F-A666-1D06DFCEF5AB}.Debug|x64.ActiveCfg = Debug|x64
		{D1784BC9-87EA-4B6F-A666-1D06DFCEF5AB}.Debug|x64.Build.0 = Debug|x64
		{D1784BC9-87EA-4B6F-A666-1D06DFCEF5AB}.Debug|x86.ActiveCfg = Debug|Win32
		{D1784BC9-87EA-4B6F-A666-1D06DFCEF5AB}.Debug|x86.Build.0 = Debug|Win32
		{D1784BC9-87EA-4B6F-A666-1D06DFCEF5AB}.Release|x64.ActiveCfg = Release|x64
		{D1784BC9-87EA-4B6F-A666-1D06DFCEF5AB}.Release|x64.Build.0 = Release|x64
		{D1784BC9-87EA-4B6F-A666-1D06DFCEF5AB}.Release|x86.ActiveCfg = Release|Win32
		{D1784BC9-87EA-4B6F-A666-1D06DFCEF5AB}.Release|x86.Build.0 = Release|Win32
		{524D66FC-2C0A-4D91-B826-5B02216CEB75}.Debug|x64.ActiveCfg = Debug|x64
		{524D66FC-2C0A-4D91-B826-5B02216CEB75}.Debug|x64.Build.0 = Debug|x64
		{524D66FC-2C0A-4D91-B826-5B02216CEB75}.Debug|x86.ActiveCfg = Debug|Win32
		{524D66FC-2C0A-4D91-B826-5B02216CEB75}.Debug|x86.Build.0 = Debug|Win32
		{524D66FC-2C0A-4D91-B826-5B02216CEB75}.Release|x64.ActiveCfg = Release|x64
		{524D66FC-2C0A-4D91-B826-5B02216CEB75}.Release|x64.Build.0 = Release|x64
		{524D66FC-2C0A-4D91-B826-5B02216CEB75}.Release|x86.ActiveCfg = Release|Win32
		{524D66FC-2C0A-4D91-B826-5B02216CEB75}.Release|x86.Build.0 = Release|Win32
		{6C570DB0-15F7-4D6D-84C5-B5F32B67B859}.Debug|x64.ActiveCfg = Debug|x64
		{6C570DB0-15F7-4D6D-84C5-B5F32B67B859}.Debug|x64.Build.0 = Debug|x64
		{6C570DB0-15F7-4D6D-84C5-B5F32B67B859}.Debug|x86.ActiveCfg = Debug|Win32
		{6C570DB0-15F7-4D6D-84C5-B5F32B67B859}.Debug|x86.Build.0 = Debug|Win32
		{6C570DB0-15F7-4D6D-84C5-B5F32B67B859}.Release|x64.ActiveCfg = Release|x64
		{6C570DB0-15F7-4D6D-84C5-B5F32B67B859}.Release|x64.Build.0 = Release|x64
		{6C570DB0-15F7-4D6D-84C5-B5F32B67B859}.Release|x86.ActiveCfg = Release|Win32
		{6C570DB0-15F7-4D6D-84C5-B5F32B67B859}.Release|x86.Build.0 = Release|Win32
		{4378D839-E0EC-4592-A8F3-E98D8AA8D304}.Debug|x64.ActiveCfg = Debug|x64
		{4378D839-E0EC-4592-A8F3-E98D8AA8D304}.Debug|x64.Build.0 = Debug|x64
		{4378D839-E0EC-4592-A8F3-E98D8AA8D304}.Debug|x86.ActiveCfg = Debug|Win32
		{4378D839-E0EC-4592-A8F3-E98D8AA8D304}.Debug|x86.Build.0 = Debug|Win32
		{4378D839-E0EC-4592-A8F3-E98D8AA8D304}.Release|x64.ActiveCfg = Release|x64
		{4378D839-E0EC-4592-A8F3-E98D8AA8D304}.Release|x64.Build.0 = Release|x64
		{4378D839-E0EC-4592-A8F3-E98D8AA8D304}.Release|x86.ActiveCfg = Release|Win32
		{4378D839-E0EC-4592-A8F3-E98D8AA8D304}.Release|x86.Build.0 = Release|Win32
		{2E20C082-3071-42EA-B461-D81FB6CC9542}.Debug|x64.ActiveCfg = Debug|x64
		{2E20C082-3071-42EA-B461-D81FB6CC9542}.Debug|x64.Build.0 = Debug|x64
		{2E20C082-3071-42EA-B461-D81FB6CC9542}.Debug|x86.ActiveCfg = Debug|Win32
		{2E20C082-3071-42EA-B461-D81FB6CC9542}.Debug|x86.Build.0 = Debug|Win32
		{2E20C082-3071-42EA-B461-D81FB6CC9542}.Release|x64.ActiveCfg = Release|x64
		{2E20C082-3071-42EA-B461-D81FB6CC9542}.Release|x64.Build.0 = Release|x64
		{2E20C082-3071-42EA-B461-D81FB6CC9542}.Release|x86.ActiveCfg = Release|Win32
		{2E20C082-3071-42EA-B461-D81FB6CC9542}.Release|x86.Build.0 = Release|Win32
		{812A273B-A9EC-4783-B57F-A1EBF46E80BA}.Debug|x64.ActiveCfg = Debug|x64
		{812A273B-A9EC-4783-B57F-A1EBF46E80BA}.Debug|x64.Build.0 = Debug|x64
		{812A273B-A9EC-4783-B57F-A1EBF46E80BA}.Debug|x86.ActiveCfg = Debug|Win32
		{812A273B-A9EC-4783-B57F-A1EBF46E80BA}.Debug|x86.Build.0 = Debug|Win32
		{812A273B-A9EC-4783-B57F-A1EBF46E80BA}.Release|x64.ActiveCfg = Release|x64
		{812A273B-A9EC-4783-B57F-A1EBF46E80BA}.Release|x64.Build.0 = Release|x64
		{812A273B-A9EC-4783-B57F-A1EBF46E80BA}.Release|x86.ActiveCfg = Release|Win32
		{812A273B-A9EC-4783-B57F-A1EBF46E80BA}.Release|x86.Build.0 = Release|Win32
		{F7EBC129-A596-48F4-A1BD-EBCEC6AB5EF0}.Debug|x64.ActiveCfg = Debug|x64
		{F7EBC129-A596-48F4-A1BD-EBCEC6AB5EF0}.Debug|x64.Build.0 = Debug|x64
		{F7EBC129-A596-48F4-A1BD-EBCEC6AB5EF0}.Debug|x86.ActiveCfg = Debug|Win32
		{F7EBC129-A596-48F4-A1BD-EBCEC6AB5EF0}.Debug|x86.Build.0 = Debug|Win32
		{F7EBC129-A596-48F4-A1BD-EBCEC6AB5EF0}.Release|x64.ActiveCfg = Release|x64
		{F7EBC129-A596-48F4-A1BD-EBCEC6AB5EF0}.Release|x64.Build.0 = Release|x64
		{F7EBC129-A596-48F4-A1BD-EBCEC6AB5EF0}.Release|x86.ActiveCfg = Release|Win32
		{F7EBC129-A596-48F4-A1BD-EBCEC6AB5EF0}.Release|x86.Build.0 = Release|Win32
		{E9FC2087-CA46-48BF-B2E4-68EDEE9EBC9D}.Debug|x64.ActiveCfg = Debug|x64
		{E9FC2087-CA46-48BF-B2E4-68EDEE9EBC9D}.Debug|x64.Build.0 = Debug|x64
		{E9FC2087-CA46-48BF-B2E4-68EDEE9EBC9D}.Debug|x86.ActiveCfg = Debug|Win32
		{E9FC2087-CA46-48BF-B2E4-68EDEE9EBC9D}.Debug|x86.Build.0 = Debug|Win32
		{E9FC2087-CA46-48BF-B2E4-68EDEE9EBC9D}.Release|x64.ActiveCfg = Release|x64
		{E9FC2087-CA46-48BF-B2E4-68EDEE9EBC9D}.Release|x64.Build.0 = Release|x64
		{E9FC2087-CA46-48BF-B2E4-68EDEE9EBC9D}.Release|x86.ActiveCfg = Release|Win32
		{E9FC2087-CA46-48BF-B2E4-68EDEE9EBC9D}.Release|x86.Build.0 = Release|Win32
		{C0C29F5C-BB9C-476C-8A28-B554F50645F0}.Debug|x64.ActiveCfg = Debug|x64
		{C0C29F5C-BB9C-476C-8A28-B554F50645F0}.Debug|x64.Build.0 = Debug|x64
		{C0C29F5C-BB9C-476C-8A28-B554F50645F0}.Debug|x86.ActiveCfg = Debug|Win32
		{C0C29F5C-BB9C-476C-8A28-B554F50645F0}.Debug|x86.Build.0 = Debug|Win32
		{C0C29F5C-BB9C-476C-8A28-B554F50645F0}.Release|x64.ActiveCfg = Release|x64
		{C0C29F5C-BB9C-476C-8A28-B554F50645F0}.Release|x64.Build.0 = Release|x64
		{C0C29F5C-BB9C-476C-8A28-B554F50645F0}.Release|x86.ActiveCfg = Release|Win32
		{C0C29F5C-BB9C-476C-8A28-B554F50645F0}.Release|x86.Build.0 = Release|Win32
		{111B1D46-63E2-4001-A607-D18E72283B0D}.Debug|x64.ActiveCfg = Debug|x64
		{111B1D46-63E2-4001-A607-D18E72283B0D}.Debug|x64.Build.0 = Debug|x64
		{111B1D46-63E2-4001-A607-D18E72283B0D}.Debug|x86.ActiveCfg = Debug|Win32
		{111B1D46-63E2-4001-A607-D18E72283B0D}.Debug|x86.Build.0 = Debug|Win32
		{111B1D46-63E2-4001-A607-D18E72283B0D}.Release|x64.ActiveCfg = Release|x64
		{111B1D46-63E2-4001-A607-D18E72283B0D}.Release|x64.Build.0 = Release|x64
		{111B1D46-63E2-4001-A607-D18E72283B0D}.Release|x86.ActiveCfg = Release|Win32
		{111B1D46-63E2-4001-A607-D18E72283B0D}.Release|x86.Build.0 = Release|Win32
	EndGlobalSection
	GlobalSection(SolutionProperties) = preSolution
		HideSolutionNode = FALSE
	EndGlobalSection
EndGlobal
